{
  "name": "vue-start",
  "version": "1.0.0",
  "lockfileVersion": 2,
  "requires": true,
  "packages": {
    "": {
      "version": "1.0.0",
      "license": "ISC",
      "dependencies": {
        "vue": "^3.2.9"
      }
    },
    "node_modules/@babel/helper-validator-identifier": {
      "version": "7.16.7",
      "resolved": "https://registry.npmjs.org/@babel/helper-validator-identifier/-/helper-validator-identifier-7.16.7.tgz",
      "integrity": "sha512-hsEnFemeiW4D08A5gUAZxLBTXpZ39P+a+DGDsHw1yxqyQ/jzFEnxf5uTEGp+3bzAbNOxU1paTgYS4ECU/IgfDw==",
      "engines": {
        "node": ">=6.9.0"
      }
    },
    "node_modules/@babel/parser": {
      "version": "7.17.10",
      "resolved": "https://registry.npmjs.org/@babel/parser/-/parser-7.17.10.tgz",
      "integrity": "sha512-n2Q6i+fnJqzOaq2VkdXxy2TCPCWQZHiCo0XqmrCvDWcZQKRyZzYi4Z0yxlBuN0w+r2ZHmre+Q087DSrw3pbJDQ==",
      "bin": {
        "parser": "bin/babel-parser.js"
      },
      "engines": {
        "node": ">=6.0.0"
      }
    },
    "node_modules/@babel/types": {
      "version": "7.17.10",
      "resolved": "https://registry.npmjs.org/@babel/types/-/types-7.17.10.tgz",
      "integrity": "sha512-9O26jG0mBYfGkUYCYZRnBwbVLd1UZOICEr2Em6InB6jVfsAv1GKgwXHmrSg+WFWDmeKTA6vyTZiN8tCSM5Oo3A==",
      "dependencies": {
        "@babel/helper-validator-identifier": "^7.16.7",
        "to-fast-properties": "^2.0.0"
      },
      "engines": {
        "node": ">=6.9.0"
      }
    },
    "node_modules/@vue/compiler-core": {
      "version": "3.2.9",
      "resolved": "https://registry.npmjs.org/@vue/compiler-core/-/compiler-core-3.2.9.tgz",
      "integrity": "sha512-smi76K+pg1LeltWSLoOI9GqXdH1oK13sd+SrO/XTdyfvf2dOQn5zE0o+C4B4Wj9M8Jd66Z5dEfGEldvcOutixQ==",
      "dependencies": {
        "@babel/parser": "^7.15.0",
        "@babel/types": "^7.15.0",
        "@vue/shared": "3.2.9",
        "estree-walker": "^2.0.2",
        "source-map": "^0.6.1"
      }
    },
    "node_modules/@vue/compiler-dom": {
      "version": "3.2.9",
      "resolved": "https://registry.npmjs.org/@vue/compiler-dom/-/compiler-dom-3.2.9.tgz",
      "integrity": "sha512-7GAMoCyBGMzMsbzxxFFCQMdblg10NRXkgFFhkjLJ4djItL0hyeO8t9wSLmaDaJejo1xjK8lm+4xPAUwvHuC8cA==",
      "dependencies": {
        "@vue/compiler-core": "3.2.9",
        "@vue/shared": "3.2.9"
      }
    },
    "node_modules/@vue/reactivity": {
      "version": "3.2.9",
      "resolved": "https://registry.npmjs.org/@vue/reactivity/-/reactivity-3.2.9.tgz",
      "integrity": "sha512-V0me78KlETt/9u3S9BoViEZNCFr/fDWodLq/KqYbFj+YySnCDD0clmjgBSQvIM63D+z3iUXftJyv08vAjlWrvw==",
      "dependencies": {
        "@vue/shared": "3.2.9"
      }
    },
    "node_modules/@vue/runtime-core": {
      "version": "3.2.9",
      "resolved": "https://registry.npmjs.org/@vue/runtime-core/-/runtime-core-3.2.9.tgz",
      "integrity": "sha512-CaSjy/kBrSFtSwyW2sY7RTN5YGmcDg8xLzKmFmIrkI9AXv/YjViQjSKUNHTAhnGq0K739vhFO4r3meBNEWqiOw==",
      "dependencies": {
        "@vue/reactivity": "3.2.9",
        "@vue/shared": "3.2.9"
      }
    },
    "node_modules/@vue/runtime-dom": {
      "version": "3.2.9",
      "resolved": "https://registry.npmjs.org/@vue/runtime-dom/-/runtime-dom-3.2.9.tgz",
      "integrity": "sha512-Vi8eOaP7/8NYSWIl8/klPtkiI+IQq/gPAI77U7PVoJ22tTcK/+9IIrMEN2TD+jUkHTRRIymMECEv+hWQT1Mo1g==",
      "dependencies": {
        "@vue/runtime-core": "3.2.9",
        "@vue/shared": "3.2.9",
        "csstype": "^2.6.8"
      }
    },
    "node_modules/@vue/shared": {
      "version": "3.2.9",
      "resolved": "https://registry.npmjs.org/@vue/shared/-/shared-3.2.9.tgz",
      "integrity": "sha512-+CifxkLVhjKT14g/LMZil8//SdCzkMkS8VfRX0cqNJiFKK4AWvxj0KV1dhbr8czikY0DZUGQew3tRMRRChMGtA=="
    },
    "node_modules/csstype": {
      "version": "2.6.20",
      "resolved": "https://registry.npmjs.org/csstype/-/csstype-2.6.20.tgz",
      "integrity": "sha512-/WwNkdXfckNgw6S5R125rrW8ez139lBHWouiBvX8dfMFtcn6V81REDqnH7+CRpRipfYlyU1CmOnOxrmGcFOjeA=="
    },
    "node_modules/estree-walker": {
      "version": "2.0.2",
      "resolved": "https://registry.npmjs.org/estree-walker/-/estree-walker-2.0.2.tgz",
      "integrity": "sha512-Rfkk/Mp/DL7JVje3u18FxFujQlTNR2q6QfMSMB7AvCBx91NGj/ba3kCfza0f6dVDbw7YlRf/nDrn7pQrCCyQ/w=="
    },
    "node_modules/source-map": {
      "version": "0.6.1",
      "resolved": "https://registry.npmjs.org/source-map/-/source-map-0.6.1.tgz",
      "integrity": "sha512-UjgapumWlbMhkBgzT7Ykc5YXUT46F0iKu8SGXq0bcwP5dz/h0Plj6enJqjz1Zbq2l5WaqYnrVbwWOWMyF3F47g==",
      "engines": {
        "node": ">=0.10.0"
      }
    },
    "node_modules/to-fast-properties": {
      "version": "2.0.0",
      "resolved": "https://registry.npmjs.org/to-fast-properties/-/to-fast-properties-2.0.0.tgz",
      "integrity": "sha1-3F5pjL0HkmW8c+A3doGk5Og/YW4=",
      "engines": {
        "node": ">=4"
      }
    },
    "node_modules/vue": {
      "version": "3.2.9",
      "resolved": "https://registry.npmjs.org/vue/-/vue-3.2.9.tgz",
      "integrity": "sha512-mqRzh3Qp0Jg66foZz9F70e6xoe/mIjegyPKjC8gXBBfTP3gt4QxA3b8pXtKJRlXk894CteUIhkFnHU8xcobrXA==",
      "dependencies": {
        "@vue/compiler-dom": "3.2.9",
        "@vue/runtime-dom": "3.2.9",
        "@vue/shared": "3.2.9"
      }
    }
  },
  "dependencies": {
    "@babel/helper-validator-identifier": {
      "version": "7.16.7",
      "resolved": "https://registry.npmjs.org/@babel/helper-validator-identifier/-/helper-validator-identifier-7.16.7.tgz",
      "integrity": "sha512-hsEnFemeiW4D08A5gUAZxLBTXpZ39P+a+DGDsHw1yxqyQ/jzFEnxf5uTEGp+3bzAbNOxU1paTgYS4ECU/IgfDw=="
    },
    "@babel/parser": {
      "version": "7.17.10",
      "resolved": "https://registry.npmjs.org/@babel/parser/-/parser-7.17.10.tgz",
      "integrity": "sha512-n2Q6i+fnJqzOaq2VkdXxy2TCPCWQZHiCo0XqmrCvDWcZQKRyZzYi4Z0yxlBuN0w+r2ZHmre+Q087DSrw3pbJDQ=="
    },
    "@babel/types": {
      "version": "7.17.10",
      "resolved": "https://registry.npmjs.org/@babel/types/-/types-7.17.10.tgz",
      "integrity": "sha512-9O26jG0mBYfGkUYCYZRnBwbVLd1UZOICEr2Em6InB6jVfsAv1GKgwXHmrSg+WFWDmeKTA6vyTZiN8tCSM5Oo3A==",
      "requires": {
        "@babel/helper-validator-identifier": "^7.16.7",
        "to-fast-properties": "^2.0.0"
      }
    },
    "@vue/compiler-core": {
      "version": "3.2.9",
      "resolved": "https://registry.npmjs.org/@vue/compiler-core/-/compiler-core-3.2.9.tgz",
      "integrity": "sha512-smi76K+pg1LeltWSLoOI9GqXdH1oK13sd+SrO/XTdyfvf2dOQn5zE0o+C4B4Wj9M8Jd66Z5dEfGEldvcOutixQ==",
      "requires": {
        "@babel/parser": "^7.15.0",
        "@babel/types": "^7.15.0",
        "@vue/shared": "3.2.9",
        "estree-walker": "^2.0.2",
        "source-map": "^0.6.1"
      }
    },
    "@vue/compiler-dom": {
      "version": "3.2.9",
      "resolved": "https://registry.npmjs.org/@vue/compiler-dom/-/compiler-dom-3.2.9.tgz",
      "integrity": "sha512-7GAMoCyBGMzMsbzxxFFCQMdblg10NRXkgFFhkjLJ4djItL0hyeO8t9wSLmaDaJejo1xjK8lm+4xPAUwvHuC8cA==",
      "requires": {
        "@vue/compiler-core": "3.2.9",
        "@vue/shared": "3.2.9"
      }
    },
    "@vue/reactivity": {
      "version": "3.2.9",
      "resolved": "https://registry.npmjs.org/@vue/reactivity/-/reactivity-3.2.9.tgz",
      "integrity": "sha512-V0me78KlETt/9u3S9BoViEZNCFr/fDWodLq/KqYbFj+YySnCDD0clmjgBSQvIM63D+z3iUXftJyv08vAjlWrvw==",
      "requires": {
        "@vue/shared": "3.2.9"
      }
    },
    "@vue/runtime-core": {
      "version": "3.2.9",
      "resolved": "https://registry.npmjs.org/@vue/runtime-core/-/runtime-core-3.2.9.tgz",
      "integrity": "sha512-CaSjy/kBrSFtSwyW2sY7RTN5YGmcDg8xLzKmFmIrkI9AXv/YjViQjSKUNHTAhnGq0K739vhFO4r3meBNEWqiOw==",
      "requires": {
        "@vue/reactivity": "3.2.9",
        "@vue/shared": "3.2.9"
      }
    },
    "@vue/runtime-dom": {
      "version": "3.2.9",
      "resolved": "https://registry.npmjs.org/@vue/runtime-dom/-/runtime-dom-3.2.9.tgz",
      "integrity": "sha512-Vi8eOaP7/8NYSWIl8/klPtkiI+IQq/gPAI77U7PVoJ22tTcK/+9IIrMEN2TD+jUkHTRRIymMECEv+hWQT1Mo1g==",
      "requires": {
        "@vue/runtime-core": "3.2.9",
        "@vue/shared": "3.2.9",
        "csstype": "^2.6.8"
      }
    },
    "@vue/shared": {
      "version": "3.2.9",
      "resolved": "https://registry.npmjs.org/@vue/shared/-/shared-3.2.9.tgz",
      "integrity": "sha512-+CifxkLVhjKT14g/LMZil8//SdCzkMkS8VfRX0cqNJiFKK4AWvxj0KV1dhbr8czikY0DZUGQew3tRMRRChMGtA=="
    },
    "csstype": {
      "version": "2.6.20",
      "resolved": "https://registry.npmjs.org/csstype/-/csstype-2.6.20.tgz",
      "integrity": "sha512-/WwNkdXfckNgw6S5R125rrW8ez139lBHWouiBvX8dfMFtcn6V81REDqnH7+CRpRipfYlyU1CmOnOxrmGcFOjeA=="
    },
    "estree-walker": {
      "version": "2.0.2",
      "resolved": "https://registry.npmjs.org/estree-walker/-/estree-walker-2.0.2.tgz",
      "integrity": "sha512-Rfkk/Mp/DL7JVje3u18FxFujQlTNR2q6QfMSMB7AvCBx91NGj/ba3kCfza0f6dVDbw7YlRf/nDrn7pQrCCyQ/w=="
    },
    "source-map": {
      "version": "0.6.1",
      "resolved": "https://registry.npmjs.org/source-map/-/source-map-0.6.1.tgz",
      "integrity": "sha512-UjgapumWlbMhkBgzT7Ykc5YXUT46F0iKu8SGXq0bcwP5dz/h0Plj6enJqjz1Zbq2l5WaqYnrVbwWOWMyF3F47g=="
    },
    "to-fast-properties": {
      "version": "2.0.0",
      "resolved": "https://registry.npmjs.org/to-fast-properties/-/to-fast-properties-2.0.0.tgz",
      "integrity": "sha1-3F5pjL0HkmW8c+A3doGk5Og/YW4="
    },
    "vue": {
      "version": "3.2.9",
      "resolved": "https://registry.npmjs.org/vue/-/vue-3.2.9.tgz",
      "integrity": "sha512-mqRzh3Qp0Jg66foZz9F70e6xoe/mIjegyPKjC8gXBBfTP3gt4QxA3b8pXtKJRlXk894CteUIhkFnHU8xcobrXA==",
      "requires": {
        "@vue/compiler-dom": "3.2.9",
        "@vue/runtime-dom": "3.2.9",
        "@vue/shared": "3.2.9"
      }
    }
  }
}
